
Microsoft Visual Studio Solution File, Format Version 12.00
# Visual Studio Version 16
VisualStudioVersion = 16.0.31313.79
MinimumVisualStudioVersion = 10.0.40219.1
Project("{2150E333-8FDC-42A3-9474-1A3956D46DE8}") = "Users", "Users", "{9CCFE97C-19AF-4C90-AF87-E2DC3CC7AB63}"
EndProject
Project("{2150E333-8FDC-42A3-9474-1A3956D46DE8}") = "Main", "Main", "{6AA6B065-A2CD-49AD-AE5C-FC63357C1106}"
EndProject
Project("{9A19103F-16F7-4668-BE54-9A1E7A4F7556}") = "App.API", "Main\App.API\App.API.csproj", "{183EC8F5-E427-4BA8-B9CC-38F148E9B194}"
EndProject
Project("{9A19103F-16F7-4668-BE54-9A1E7A4F7556}") = "App.Application", "Main\App.Application\App.Application.csproj", "{9DEA378D-2737-41CB-A8F6-0E7D9B1EB99D}"
EndProject
Project("{9A19103F-16F7-4668-BE54-9A1E7A4F7556}") = "App.Domain", "Main\App.Domain\App.Domain.csproj", "{FA769C3E-C0BB-4AFB-BA6E-2FCACD1D6FFA}"
EndProject
Project("{9A19103F-16F7-4668-BE54-9A1E7A4F7556}") = "App.Infrastructure", "Main\App.Infrastructure\App.Infrastructure.csproj", "{D2280ADA-0414-430E-808E-18C0D6A8C3A7}"
EndProject
Project("{9A19103F-16F7-4668-BE54-9A1E7A4F7556}") = "App.Persistence", "Main\App.Persistence\App.Persistence.csproj", "{DC0B8D56-766F-450F-A7A0-0E0ABD3F03E6}"
EndProject
Project("{9A19103F-16F7-4668-BE54-9A1E7A4F7556}") = "App.API", "Users\App.API\App.API.csproj", "{F817E724-A4C0-427D-B16D-B9A94115A6D6}"
EndProject
Project("{9A19103F-16F7-4668-BE54-9A1E7A4F7556}") = "App.Domain", "Users\App.Domain\App.Domain.csproj", "{FA682777-AD9D-428A-AF8D-07EFD9831F92}"
EndProject
Project("{9A19103F-16F7-4668-BE54-9A1E7A4F7556}") = "App.Application", "Users\App.Application\App.Application.csproj", "{05E47A7C-7777-4BE4-9F10-16F54E4B0AC0}"
EndProject
Project("{9A19103F-16F7-4668-BE54-9A1E7A4F7556}") = "App.Infrastructure", "Users\App.Infrastructure\App.Infrastructure.csproj", "{6166F5B3-B3BC-4091-AAC6-08959AFA22A1}"
EndProject
Project("{9A19103F-16F7-4668-BE54-9A1E7A4F7556}") = "App.Persistence", "Users\App.Persistence\App.Persistence.csproj", "{C75F8F9C-0C52-4075-868F-00370399E2DC}"
EndProject
Project("{2150E333-8FDC-42A3-9474-1A3956D46DE8}") = "Messages", "Messages", "{81D14DB6-A060-416A-BE8C-0A8486112FA4}"
EndProject
Project("{9A19103F-16F7-4668-BE54-9A1E7A4F7556}") = "App.API", "Messages\App.API\App.API.csproj", "{7BE72A96-7ABA-4C03-9E7B-0B85C36496FD}"
EndProject
Project("{9A19103F-16F7-4668-BE54-9A1E7A4F7556}") = "App.Application", "Messages\App.Application\App.Application.csproj", "{8201FF61-6594-42A4-A440-618128E66686}"
EndProject
Project("{9A19103F-16F7-4668-BE54-9A1E7A4F7556}") = "App.Persistence", "Messages\App.Persistence\App.Persistence.csproj", "{CEAD7724-2459-4DB4-810A-D8CC1B914C96}"
EndProject
Project("{9A19103F-16F7-4668-BE54-9A1E7A4F7556}") = "App.Infrastructure", "Messages\App.Infrastructure\App.Infrastructure.csproj", "{357E5298-AFE5-431D-9171-D7F681435363}"
EndProject
Project("{9A19103F-16F7-4668-BE54-9A1E7A4F7556}") = "App.Domain", "Messages\App.Domain\App.Domain.csproj", "{B1371951-5C24-4DBB-9552-671873A7129C}"
EndProject
Project("{2150E333-8FDC-42A3-9474-1A3956D46DE8}") = "Files", "Files", "{0212E080-4584-418C-908D-D3A83B4A753A}"
EndProject
Project("{FAE04EC0-301F-11D3-BF4B-00C04F79EFBC}") = "App.API", "Files\App.API\App.API.csproj", "{4C807B9E-E10F-4C26-9EE5-08A12EC62BF9}"
EndProject
Global
	GlobalSection(SolutionConfigurationPlatforms) = preSolution
		Debug|Any CPU = Debug|Any CPU
		Release|Any CPU = Release|Any CPU
	EndGlobalSection
	GlobalSection(ProjectConfigurationPlatforms) = postSolution
		{183EC8F5-E427-4BA8-B9CC-38F148E9B194}.Debug|Any CPU.ActiveCfg = Debug|Any CPU
		{183EC8F5-E427-4BA8-B9CC-38F148E9B194}.Debug|Any CPU.Build.0 = Debug|Any CPU
		{183EC8F5-E427-4BA8-B9CC-38F148E9B194}.Release|Any CPU.ActiveCfg = Release|Any CPU
		{183EC8F5-E427-4BA8-B9CC-38F148E9B194}.Release|Any CPU.Build.0 = Release|Any CPU
		{9DEA378D-2737-41CB-A8F6-0E7D9B1EB99D}.Debug|Any CPU.ActiveCfg = Debug|Any CPU
		{9DEA378D-2737-41CB-A8F6-0E7D9B1EB99D}.Debug|Any CPU.Build.0 = Debug|Any CPU
		{9DEA378D-2737-41CB-A8F6-0E7D9B1EB99D}.Release|Any CPU.ActiveCfg = Release|Any CPU
		{9DEA378D-2737-41CB-A8F6-0E7D9B1EB99D}.Release|Any CPU.Build.0 = Release|Any CPU
		{FA769C3E-C0BB-4AFB-BA6E-2FCACD1D6FFA}.Debug|Any CPU.ActiveCfg = Debug|Any CPU
		{FA769C3E-C0BB-4AFB-BA6E-2FCACD1D6FFA}.Debug|Any CPU.Build.0 = Debug|Any CPU
		{FA769C3E-C0BB-4AFB-BA6E-2FCACD1D6FFA}.Release|Any CPU.ActiveCfg = Release|Any CPU
		{FA769C3E-C0BB-4AFB-BA6E-2FCACD1D6FFA}.Release|Any CPU.Build.0 = Release|Any CPU
		{D2280ADA-0414-430E-808E-18C0D6A8C3A7}.Debug|Any CPU.ActiveCfg = Debug|Any CPU
		{D2280ADA-0414-430E-808E-18C0D6A8C3A7}.Debug|Any CPU.Build.0 = Debug|Any CPU
		{D2280ADA-0414-430E-808E-18C0D6A8C3A7}.Release|Any CPU.ActiveCfg = Release|Any CPU
		{D2280ADA-0414-430E-808E-18C0D6A8C3A7}.Release|Any CPU.Build.0 = Release|Any CPU
		{DC0B8D56-766F-450F-A7A0-0E0ABD3F03E6}.Debug|Any CPU.ActiveCfg = Debug|Any CPU
		{DC0B8D56-766F-450F-A7A0-0E0ABD3F03E6}.Debug|Any CPU.Build.0 = Debug|Any CPU
		{DC0B8D56-766F-450F-A7A0-0E0ABD3F03E6}.Release|Any CPU.ActiveCfg = Release|Any CPU
		{DC0B8D56-766F-450F-A7A0-0E0ABD3F03E6}.Release|Any CPU.Build.0 = Release|Any CPU
		{F817E724-A4C0-427D-B16D-B9A94115A6D6}.Debug|Any CPU.ActiveCfg = Debug|Any CPU
		{F817E724-A4C0-427D-B16D-B9A94115A6D6}.Debug|Any CPU.Build.0 = Debug|Any CPU
		{F817E724-A4C0-427D-B16D-B9A94115A6D6}.Release|Any CPU.ActiveCfg = Release|Any CPU
		{F817E724-A4C0-427D-B16D-B9A94115A6D6}.Release|Any CPU.Build.0 = Release|Any CPU
		{FA682777-AD9D-428A-AF8D-07EFD9831F92}.Debug|Any CPU.ActiveCfg = Debug|Any CPU
		{FA682777-AD9D-428A-AF8D-07EFD9831F92}.Debug|Any CPU.Build.0 = Debug|Any CPU
		{FA682777-AD9D-428A-AF8D-07EFD9831F92}.Release|Any CPU.ActiveCfg = Release|Any CPU
		{FA682777-AD9D-428A-AF8D-07EFD9831F92}.Release|Any CPU.Build.0 = Release|Any CPU
		{05E47A7C-7777-4BE4-9F10-16F54E4B0AC0}.Debug|Any CPU.ActiveCfg = Debug|Any CPU
		{05E47A7C-7777-4BE4-9F10-16F54E4B0AC0}.Debug|Any CPU.Build.0 = Debug|Any CPU
		{05E47A7C-7777-4BE4-9F10-16F54E4B0AC0}.Release|Any CPU.ActiveCfg = Release|Any CPU
		{05E47A7C-7777-4BE4-9F10-16F54E4B0AC0}.Release|Any CPU.Build.0 = Release|Any CPU
		{6166F5B3-B3BC-4091-AAC6-08959AFA22A1}.Debug|Any CPU.ActiveCfg = Debug|Any CPU
		{6166F5B3-B3BC-4091-AAC6-08959AFA22A1}.Debug|Any CPU.Build.0 = Debug|Any CPU
		{6166F5B3-B3BC-4091-AAC6-08959AFA22A1}.Release|Any CPU.ActiveCfg = Release|Any CPU
		{6166F5B3-B3BC-4091-AAC6-08959AFA22A1}.Release|Any CPU.Build.0 = Release|Any CPU
		{C75F8F9C-0C52-4075-868F-00370399E2DC}.Debug|Any CPU.ActiveCfg = Debug|Any CPU
		{C75F8F9C-0C52-4075-868F-00370399E2DC}.Debug|Any CPU.Build.0 = Debug|Any CPU
		{C75F8F9C-0C52-4075-868F-00370399E2DC}.Release|Any CPU.ActiveCfg = Release|Any CPU
		{C75F8F9C-0C52-4075-868F-00370399E2DC}.Release|Any CPU.Build.0 = Release|Any CPU
		{7BE72A96-7ABA-4C03-9E7B-0B85C36496FD}.Debug|Any CPU.ActiveCfg = Debug|Any CPU
		{7BE72A96-7ABA-4C03-9E7B-0B85C36496FD}.Debug|Any CPU.Build.0 = Debug|Any CPU
		{7BE72A96-7ABA-4C03-9E7B-0B85C36496FD}.Release|Any CPU.ActiveCfg = Release|Any CPU
		{7BE72A96-7ABA-4C03-9E7B-0B85C36496FD}.Release|Any CPU.Build.0 = Release|Any CPU
		{8201FF61-6594-42A4-A440-618128E66686}.Debug|Any CPU.ActiveCfg = Debug|Any CPU
		{8201FF61-6594-42A4-A440-618128E66686}.Debug|Any CPU.Build.0 = Debug|Any CPU
		{8201FF61-6594-42A4-A440-618128E66686}.Release|Any CPU.ActiveCfg = Release|Any CPU
		{8201FF61-6594-42A4-A440-618128E66686}.Release|Any CPU.Build.0 = Release|Any CPU
		{CEAD7724-2459-4DB4-810A-D8CC1B914C96}.Debug|Any CPU.ActiveCfg = Debug|Any CPU
		{CEAD7724-2459-4DB4-810A-D8CC1B914C96}.Debug|Any CPU.Build.0 = Debug|Any CPU
		{CEAD7724-2459-4DB4-810A-D8CC1B914C96}.Release|Any CPU.ActiveCfg = Release|Any CPU
		{CEAD7724-2459-4DB4-810A-D8CC1B914C96}.Release|Any CPU.Build.0 = Release|Any CPU
		{357E5298-AFE5-431D-9171-D7F681435363}.Debug|Any CPU.ActiveCfg = Debug|Any CPU
		{357E5298-AFE5-431D-9171-D7F681435363}.Debug|Any CPU.Build.0 = Debug|Any CPU
		{357E5298-AFE5-431D-9171-D7F681435363}.Release|Any CPU.ActiveCfg = Release|Any CPU
		{357E5298-AFE5-431D-9171-D7F681435363}.Release|Any CPU.Build.0 = Release|Any CPU
		{B1371951-5C24-4DBB-9552-671873A7129C}.Debug|Any CPU.ActiveCfg = Debug|Any CPU
		{B1371951-5C24-4DBB-9552-671873A7129C}.Debug|Any CPU.Build.0 = Debug|Any CPU
		{B1371951-5C24-4DBB-9552-671873A7129C}.Release|Any CPU.ActiveCfg = Release|Any CPU
		{B1371951-5C24-4DBB-9552-671873A7129C}.Release|Any CPU.Build.0 = Release|Any CPU
		{4C807B9E-E10F-4C26-9EE5-08A12EC62BF9}.Debug|Any CPU.ActiveCfg = Debug|Any CPU
		{4C807B9E-E10F-4C26-9EE5-08A12EC62BF9}.Debug|Any CPU.Build.0 = Debug|Any CPU
		{4C807B9E-E10F-4C26-9EE5-08A12EC62BF9}.Release|Any CPU.ActiveCfg = Release|Any CPU
		{4C807B9E-E10F-4C26-9EE5-08A12EC62BF9}.Release|Any CPU.Build.0 = Release|Any CPU
	EndGlobalSection
	GlobalSection(SolutionProperties) = preSolution
		HideSolutionNode = FALSE
	EndGlobalSection
	GlobalSection(NestedProjects) = preSolution
		{183EC8F5-E427-4BA8-B9CC-38F148E9B194} = {6AA6B065-A2CD-49AD-AE5C-FC63357C1106}
		{9DEA378D-2737-41CB-A8F6-0E7D9B1EB99D} = {6AA6B065-A2CD-49AD-AE5C-FC63357C1106}
		{FA769C3E-C0BB-4AFB-BA6E-2FCACD1D6FFA} = {6AA6B065-A2CD-49AD-AE5C-FC63357C1106}
		{D2280ADA-0414-430E-808E-18C0D6A8C3A7} = {6AA6B065-A2CD-49AD-AE5C-FC63357C1106}
		{DC0B8D56-766F-450F-A7A0-0E0ABD3F03E6} = {6AA6B065-A2CD-49AD-AE5C-FC63357C1106}
		{F817E724-A4C0-427D-B16D-B9A94115A6D6} = {9CCFE97C-19AF-4C90-AF87-E2DC3CC7AB63}
		{FA682777-AD9D-428A-AF8D-07EFD9831F92} = {9CCFE97C-19AF-4C90-AF87-E2DC3CC7AB63}
		{05E47A7C-7777-4BE4-9F10-16F54E4B0AC0} = {9CCFE97C-19AF-4C90-AF87-E2DC3CC7AB63}
		{6166F5B3-B3BC-4091-AAC6-08959AFA22A1} = {9CCFE97C-19AF-4C90-AF87-E2DC3CC7AB63}
		{C75F8F9C-0C52-4075-868F-00370399E2DC} = {9CCFE97C-19AF-4C90-AF87-E2DC3CC7AB63}
		{7BE72A96-7ABA-4C03-9E7B-0B85C36496FD} = {81D14DB6-A060-416A-BE8C-0A8486112FA4}
		{8201FF61-6594-42A4-A440-618128E66686} = {81D14DB6-A060-416A-BE8C-0A8486112FA4}
		{CEAD7724-2459-4DB4-810A-D8CC1B914C96} = {81D14DB6-A060-416A-BE8C-0A8486112FA4}
		{357E5298-AFE5-431D-9171-D7F681435363} = {81D14DB6-A060-416A-BE8C-0A8486112FA4}
		{B1371951-5C24-4DBB-9552-671873A7129C} = {81D14DB6-A060-416A-BE8C-0A8486112FA4}
		{4C807B9E-E10F-4C26-9EE5-08A12EC62BF9} = {0212E080-4584-418C-908D-D3A83B4A753A}
	EndGlobalSection
	GlobalSection(ExtensibilityGlobals) = postSolution
		SolutionGuid = {2DF6E288-F7C3-460A-B81B-CD75474ABF13}
	EndGlobalSection
EndGlobal
