
Microsoft Visual Studio Solution File, Format Version 12.00
# Visual Studio 15
VisualStudioVersion = 15.0.28307.136
MinimumVisualStudioVersion = 10.0.40219.1
Project("{9A19103F-16F7-4668-BE54-9A1E7A4F7556}") = "Web.API", "Web.API\Web.API.csproj", "{9DF134BB-FC37-4C93-B1FD-1D6678A9F984}"
EndProject
Project("{9A19103F-16F7-4668-BE54-9A1E7A4F7556}") = "App.Domain", "App.Domain\App.Domain.csproj", "{29196FCD-8090-4141-AFE8-16AC7D1BEA85}"
EndProject
Project("{9A19103F-16F7-4668-BE54-9A1E7A4F7556}") = "App.Application", "App.Application\App.Application.csproj", "{77F8CBFD-F519-4EA9-B0AC-39D4BC527AAB}"
EndProject
Project("{9A19103F-16F7-4668-BE54-9A1E7A4F7556}") = "App.Persistence", "App.Persistence\App.Persistence.csproj", "{4E64FFFF-08DC-456F-A772-3227C08CD270}"
EndProject
Project("{FAE04EC0-301F-11D3-BF4B-00C04F79EFBC}") = "App.Infrastucture", "App.Infrastucture\App.Infrastucture.csproj", "{C637A642-38AE-4317-8585-192EA9C9B5A4}"
EndProject
Project("{FAE04EC0-301F-11D3-BF4B-00C04F79EFBC}") = "App.Common", "App.Common\App.Common.csproj", "{AF0D47CC-265A-43F4-9919-B33CD514566E}"
EndProject
Global
	GlobalSection(SolutionConfigurationPlatforms) = preSolution
		Debug|Any CPU = Debug|Any CPU
		Release|Any CPU = Release|Any CPU
	EndGlobalSection
	GlobalSection(ProjectConfigurationPlatforms) = postSolution
		{9DF134BB-FC37-4C93-B1FD-1D6678A9F984}.Debug|Any CPU.ActiveCfg = Debug|Any CPU
		{9DF134BB-FC37-4C93-B1FD-1D6678A9F984}.Debug|Any CPU.Build.0 = Debug|Any CPU
		{9DF134BB-FC37-4C93-B1FD-1D6678A9F984}.Release|Any CPU.ActiveCfg = Release|Any CPU
		{9DF134BB-FC37-4C93-B1FD-1D6678A9F984}.Release|Any CPU.Build.0 = Release|Any CPU
		{29196FCD-8090-4141-AFE8-16AC7D1BEA85}.Debug|Any CPU.ActiveCfg = Debug|Any CPU
		{29196FCD-8090-4141-AFE8-16AC7D1BEA85}.Debug|Any CPU.Build.0 = Debug|Any CPU
		{29196FCD-8090-4141-AFE8-16AC7D1BEA85}.Release|Any CPU.ActiveCfg = Release|Any CPU
		{29196FCD-8090-4141-AFE8-16AC7D1BEA85}.Release|Any CPU.Build.0 = Release|Any CPU
		{77F8CBFD-F519-4EA9-B0AC-39D4BC527AAB}.Debug|Any CPU.ActiveCfg = Debug|Any CPU
		{77F8CBFD-F519-4EA9-B0AC-39D4BC527AAB}.Debug|Any CPU.Build.0 = Debug|Any CPU
		{77F8CBFD-F519-4EA9-B0AC-39D4BC527AAB}.Release|Any CPU.ActiveCfg = Release|Any CPU
		{77F8CBFD-F519-4EA9-B0AC-39D4BC527AAB}.Release|Any CPU.Build.0 = Release|Any CPU
		{4E64FFFF-08DC-456F-A772-3227C08CD270}.Debug|Any CPU.ActiveCfg = Debug|Any CPU
		{4E64FFFF-08DC-456F-A772-3227C08CD270}.Debug|Any CPU.Build.0 = Debug|Any CPU
		{4E64FFFF-08DC-456F-A772-3227C08CD270}.Release|Any CPU.ActiveCfg = Release|Any CPU
		{4E64FFFF-08DC-456F-A772-3227C08CD270}.Release|Any CPU.Build.0 = Release|Any CPU
		{C637A642-38AE-4317-8585-192EA9C9B5A4}.Debug|Any CPU.ActiveCfg = Debug|Any CPU
		{C637A642-38AE-4317-8585-192EA9C9B5A4}.Debug|Any CPU.Build.0 = Debug|Any CPU
		{C637A642-38AE-4317-8585-192EA9C9B5A4}.Release|Any CPU.ActiveCfg = Release|Any CPU
		{C637A642-38AE-4317-8585-192EA9C9B5A4}.Release|Any CPU.Build.0 = Release|Any CPU
		{AF0D47CC-265A-43F4-9919-B33CD514566E}.Debug|Any CPU.ActiveCfg = Debug|Any CPU
		{AF0D47CC-265A-43F4-9919-B33CD514566E}.Debug|Any CPU.Build.0 = Debug|Any CPU
		{AF0D47CC-265A-43F4-9919-B33CD514566E}.Release|Any CPU.ActiveCfg = Release|Any CPU
		{AF0D47CC-265A-43F4-9919-B33CD514566E}.Release|Any CPU.Build.0 = Release|Any CPU
	EndGlobalSection
	GlobalSection(SolutionProperties) = preSolution
		HideSolutionNode = FALSE
	EndGlobalSection
	GlobalSection(ExtensibilityGlobals) = postSolution
		SolutionGuid = {C7666185-431A-473E-931E-7F6A06A9C60A}
	EndGlobalSection
EndGlobal
