
Microsoft Visual Studio Solution File, Format Version 12.00
# Visual Studio Version 16
VisualStudioVersion = 16.0.31019.35
MinimumVisualStudioVersion = 10.0.40219.1
Project("{9A19103F-16F7-4668-BE54-9A1E7A4F7556}") = "App.API", "App.API.csproj", "{128C3E55-58DB-4FED-9948-5B989350AB18}"
EndProject
Project("{9A19103F-16F7-4668-BE54-9A1E7A4F7556}") = "App.Domain", "..\App.Domain\App.Domain.csproj", "{F35C29DB-1AC2-4D9E-80C0-F5E79E00383D}"
EndProject
Project("{9A19103F-16F7-4668-BE54-9A1E7A4F7556}") = "App.Application", "..\App.Application\App.Application.csproj", "{246ACBB9-5036-4396-B9A8-4160E0D530E2}"
EndProject
Project("{9A19103F-16F7-4668-BE54-9A1E7A4F7556}") = "App.Infrastructure", "..\App.Infrastructure\App.Infrastructure.csproj", "{E1B2F153-DA4A-4ACD-BBB9-47E2D021643B}"
EndProject
Project("{FAE04EC0-301F-11D3-BF4B-00C04F79EFBC}") = "App.Persistence", "..\App.Persistence\App.Persistence.csproj", "{60F0A35D-2BDC-4DB1-B0FB-8F9DBE9D0043}"
EndProject
Global
	GlobalSection(SolutionConfigurationPlatforms) = preSolution
		Debug|Any CPU = Debug|Any CPU
		Release|Any CPU = Release|Any CPU
	EndGlobalSection
	GlobalSection(ProjectConfigurationPlatforms) = postSolution
		{128C3E55-58DB-4FED-9948-5B989350AB18}.Debug|Any CPU.ActiveCfg = Debug|Any CPU
		{128C3E55-58DB-4FED-9948-5B989350AB18}.Debug|Any CPU.Build.0 = Debug|Any CPU
		{128C3E55-58DB-4FED-9948-5B989350AB18}.Release|Any CPU.ActiveCfg = Release|Any CPU
		{128C3E55-58DB-4FED-9948-5B989350AB18}.Release|Any CPU.Build.0 = Release|Any CPU
		{F35C29DB-1AC2-4D9E-80C0-F5E79E00383D}.Debug|Any CPU.ActiveCfg = Debug|Any CPU
		{F35C29DB-1AC2-4D9E-80C0-F5E79E00383D}.Debug|Any CPU.Build.0 = Debug|Any CPU
		{F35C29DB-1AC2-4D9E-80C0-F5E79E00383D}.Release|Any CPU.ActiveCfg = Release|Any CPU
		{F35C29DB-1AC2-4D9E-80C0-F5E79E00383D}.Release|Any CPU.Build.0 = Release|Any CPU
		{246ACBB9-5036-4396-B9A8-4160E0D530E2}.Debug|Any CPU.ActiveCfg = Debug|Any CPU
		{246ACBB9-5036-4396-B9A8-4160E0D530E2}.Debug|Any CPU.Build.0 = Debug|Any CPU
		{246ACBB9-5036-4396-B9A8-4160E0D530E2}.Release|Any CPU.ActiveCfg = Release|Any CPU
		{246ACBB9-5036-4396-B9A8-4160E0D530E2}.Release|Any CPU.Build.0 = Release|Any CPU
		{E1B2F153-DA4A-4ACD-BBB9-47E2D021643B}.Debug|Any CPU.ActiveCfg = Debug|Any CPU
		{E1B2F153-DA4A-4ACD-BBB9-47E2D021643B}.Debug|Any CPU.Build.0 = Debug|Any CPU
		{E1B2F153-DA4A-4ACD-BBB9-47E2D021643B}.Release|Any CPU.ActiveCfg = Release|Any CPU
		{E1B2F153-DA4A-4ACD-BBB9-47E2D021643B}.Release|Any CPU.Build.0 = Release|Any CPU
		{60F0A35D-2BDC-4DB1-B0FB-8F9DBE9D0043}.Debug|Any CPU.ActiveCfg = Debug|Any CPU
		{60F0A35D-2BDC-4DB1-B0FB-8F9DBE9D0043}.Debug|Any CPU.Build.0 = Debug|Any CPU
		{60F0A35D-2BDC-4DB1-B0FB-8F9DBE9D0043}.Release|Any CPU.ActiveCfg = Release|Any CPU
		{60F0A35D-2BDC-4DB1-B0FB-8F9DBE9D0043}.Release|Any CPU.Build.0 = Release|Any CPU
	EndGlobalSection
	GlobalSection(SolutionProperties) = preSolution
		HideSolutionNode = FALSE
	EndGlobalSection
	GlobalSection(ExtensibilityGlobals) = postSolution
		SolutionGuid = {73BB68ED-E2BB-43E5-95F7-334AC622DC44}
	EndGlobalSection
EndGlobal
